
Microsoft Visual Studio Solution File, Format Version 12.00
# Visual Studio 15
VisualStudioVersion = 15.0.27703.2018
MinimumVisualStudioVersion = 10.0.40219.1
Project("{FAE04EC0-301F-11D3-BF4B-00C04F79EFBC}") = "DemoBai4", "DemoBai4\DemoBai4.csproj", "{ED92689A-2B99-4430-AA13-20042A185319}"
EndProject
Global
	GlobalSection(SolutionConfigurationPlatforms) = preSolution
		Debug|Any CPU = Debug|Any CPU
		Release|Any CPU = Release|Any CPU
	EndGlobalSection
	GlobalSection(ProjectConfigurationPlatforms) = postSolution
		{ED92689A-2B99-4430-AA13-20042A185319}.Debug|Any CPU.ActiveCfg = Debug|Any CPU
		{ED92689A-2B99-4430-AA13-20042A185319}.Debug|Any CPU.Build.0 = Debug|Any CPU
		{ED92689A-2B99-4430-AA13-20042A185319}.Release|Any CPU.ActiveCfg = Release|Any CPU
		{ED92689A-2B99-4430-AA13-20042A185319}.Release|Any CPU.Build.0 = Release|Any CPU
	EndGlobalSection
	GlobalSection(SolutionProperties) = preSolution
		HideSolutionNode = FALSE
	EndGlobalSection
	GlobalSection(ExtensibilityGlobals) = postSolution
		SolutionGuid = {3E5417FF-EB89-4B1D-9A6C-E1620D3D6174}
	EndGlobalSection
EndGlobal
